<Solution>
  <Folder Name="/Controllers/">
    <File Path=".gitkeep" />
  </Folder>
  <Folder Name="/Data/">
    <File Path=".gitkeep" />
  </Folder>
  <Folder Name="/Models/">
    <File Path=".gitkeep" />
  </Folder>
  <Folder Name="/Views/">
    <File Path=".gitkeep" />
  </Folder>
  <Project Path="iShopping/iShopping.csproj" Id="850fa2ee-8572-4b14-9119-d0fc9842adee" />
</Solution>
